
Microsoft Visual Studio Solution File, Format Version 12.00
# Visual Studio Version 16
VisualStudioVersion = 16.0.30717.126
MinimumVisualStudioVersion = 10.0.40219.1
Project("{FAE04EC0-301F-11D3-BF4B-00C04F79EFBC}") = "AlzaSeleniumTest", "AlzaSeleniumTest.csproj", "{B981BAF1-68C4-4A78-87A6-33BD03B38883}"
EndProject
Global
	GlobalSection(SolutionConfigurationPlatforms) = preSolution
		Debug|Any CPU = Debug|Any CPU
		Release|Any CPU = Release|Any CPU
	EndGlobalSection
	GlobalSection(ProjectConfigurationPlatforms) = postSolution
		{B981BAF1-68C4-4A78-87A6-33BD03B38883}.Debug|Any CPU.ActiveCfg = Debug|Any CPU
		{B981BAF1-68C4-4A78-87A6-33BD03B38883}.Debug|Any CPU.Build.0 = Debug|Any CPU
		{B981BAF1-68C4-4A78-87A6-33BD03B38883}.Release|Any CPU.ActiveCfg = Release|Any CPU
		{B981BAF1-68C4-4A78-87A6-33BD03B38883}.Release|Any CPU.Build.0 = Release|Any CPU
	EndGlobalSection
	GlobalSection(SolutionProperties) = preSolution
		HideSolutionNode = FALSE
	EndGlobalSection
	GlobalSection(ExtensibilityGlobals) = postSolution
		SolutionGuid = {3160A10B-CF7C-40F8-9EB2-220B7C69275F}
	EndGlobalSection
EndGlobal
